// !$*UTF8*$!
{
	archiveVersion = 1;
	classes = {
	};
	objectVersion = 46;
	objects = {

/* Begin PBXFileReference section */
		6B4042431EF25D93006F8274 /* hello-world */ = {isa = PBXFileReference; lastKnownFileType = folder; name = "hello-world"; path = ..; sourceTree = "<group>"; };
/* End PBXFileReference section */

/* Begin PBXGroup section */
		6B40423C1EF25A34006F8274 = {
			isa = PBXGroup;
			children = (
				6B4042431EF25D93006F8274 /* hello-world */,
			);
			sourceTree = "<group>";
		};
/* End PBXGroup section */

/* Begin PBXProject section */
		6B40423D1EF25A34006F8274 /* Project object */ = {
			isa = PBXProject;
			attributes = {
				LastUpgradeCheck = 0830;
			};
			buildConfigurationList = 6B4042401EF25A34006F8274 /* Build configuration list for PBXProject "tre" */;
			compatibilityVersion = "Xcode 3.2";
			developmentRegion = English;
			hasScannedForEncodings = 0;
			knownRegions = (
				en,
			);
			mainGroup = 6B40423C1EF25A34006F8274;
			projectDirPath = "";
			projectRoot = "";
			targets = (
			);
		};
/* End PBXProject section */

/* Begin XCBuildConfiguration section */
		6B4042411EF25A34006F8274 /* Debug */ = {
			isa = XCBuildConfiguration;
			buildSettings = {
			};
			name = Debug;
		};
		6B4042421EF25A34006F8274 /* Release */ = {
			isa = XCBuildConfiguration;
			buildSettings = {
			};
			name = Release;
		};
/* End XCBuildConfiguration section */

/* Begin XCConfigurationList section */
		6B4042401EF25A34006F8274 /* Build configuration list for PBXProject "tre" */ = {
			isa = XCConfigurationList;
			buildConfigurations = (
				6B4042411EF25A34006F8274 /* Debug */,
				6B4042421EF25A34006F8274 /* Release */,
			);
			defaultConfigurationIsVisible = 0;
			defaultConfigurationName = Release;
		};
/* End XCConfigurationList section */
	};
	rootObject = 6B40423D1EF25A34006F8274 /* Project object */;
}
